{
  "version": 4,
  "terraform_version": "1.0.11",
  "serial": 154,
  "lineage": "82d742a3-23cb-0de8-8f2f-314875facc76",
  "outputs": {
    "public_ip": {
      "value": "20.119.65.134",
      "type": "string"
    }
  },
  "resources": [
    {
      "mode": "data",
      "type": "azurerm_resource_group",
      "name": "cloudinit",
      "provider": "provider[\"registry.terraform.io/hashicorp/azurerm\"]",
      "instances": [
        {
          "schema_version": 0,
          "attributes": {
            "id": "/subscriptions/fcd4d0d9-59c4-451c-9665-a0001f80e9e2/resourceGroups/AZRG-USE2-CON-NPDHASHEDINAZUREINTERNALPOC-NPD-002",
            "location": "eastus",
            "name": "AZRG-USE2-CON-NPDHASHEDINAZUREINTERNALPOC-NPD-002",
            "tags": {
              "BILLINGCODE": "LPX02939-01-01-01-0000",
              "COUNTRY": "US",
              "FUNCTION": "CON",
              "MEMBERFIRM": "US"
            },
            "timeouts": null
          },
          "sensitive_attributes": []
        }
      ]
    },
    {
      "mode": "data",
      "type": "azurerm_virtual_network",
      "name": "cloudinit",
      "provider": "provider[\"registry.terraform.io/hashicorp/azurerm\"]",
      "instances": [
        {
          "schema_version": 0,
          "attributes": {
            "address_space": [
              "10.1.0.0/16"
            ],
            "dns_servers": null,
            "guid": "e4a616aa-0a09-447c-ba5e-8b805abac3a5",
            "id": "/subscriptions/fcd4d0d9-59c4-451c-9665-a0001f80e9e2/resourceGroups/AZRG-USE2-CON-NPDHASHEDINAZUREINTERNALPOC-NPD-002/providers/Microsoft.Network/virtualNetworks/hu19-tf-vnet",
            "location": "eastus",
            "name": "hu19-tf-vnet",
            "resource_group_name": "AZRG-USE2-CON-NPDHASHEDINAZUREINTERNALPOC-NPD-002",
            "subnets": [
              "test-subnet",
              "hu19abhisubnet",
              "hu19murugtsubnet",
              "lishahu19terraSubnet",
              "linker-himanshuj-subnet",
              "AzureBastionSubnet",
              "hu19bcsachinsubnet",
              "vinsten-subnet",
              "hu-19-nandita-subnet",
              "hu19-dhbl-private_subnet"
            ],
            "timeouts": null,
            "vnet_peerings": {}
          },
          "sensitive_attributes": []
        }
      ]
    },
    {
      "mode": "managed",
      "type": "azurerm_linux_virtual_machine",
      "name": "cloudinit",
      "provider": "provider[\"registry.terraform.io/hashicorp/azurerm\"]",
      "instances": [
        {
          "schema_version": 0,
          "attributes": {
            "additional_capabilities": [],
            "admin_password": "HKKRoD24XLBzxdD",
            "admin_ssh_key": [],
            "admin_username": "cloudinit",
            "allow_extension_operations": true,
            "availability_set_id": "",
            "boot_diagnostics": [],
            "computer_name": "hu19-siddharth-vm",
            "custom_data": "I2Nsb3VkLWNvbmZpZwoKcGFja2FnZXM6CiAgLSBkb2NrZXIuaW8KCiMgY3JlYXRlIHRoZSBkb2NrZXIgZ3JvdXAKZ3JvdXBzOgogIC0gZG9ja2VyCgp1c2VyczoKICAtIG5hbWU6IGNsb3VkaW5pdAogICAgZ3JvdXBzOiBkb2NrZXIKICAgIGhvbWU6IC9ob21lL2Nsb3VkaW5pdAogICAgc2hlbGw6IC9iaW4vYmFzaAogICAgc3VkbzogQUxMPShBTEwpIE5PUEFTU1dEOkFMTAoKIyBBZGQgZGVmYXVsdCBhdXRvIGNyZWF0ZWQgdXNlciB0byBkb2NrZXIgZ3JvdXAKc3lzdGVtX2luZm86CiAgZGVmYXVsdF91c2VyOgogICAgZ3JvdXBzOiBbZG9ja2VyXQoKcnVuY21kOgogIC0gc3VkbyBkb2NrZXIgbG9naW4gLS11c2VybmFtZSBzaWR3YXIgLS1wYXNzd29yZC1zdGRpbiBQYXNzd29yZEAxMjMKICAtIHN1ZG8gZG9ja2VyIHB1bGwgc2lkd2FyL25vZGUtYnVsbGV0aW4tYXBwCiAgLSBzdWRvIGRvY2tlciBydW4gIC1lICJNWV9WQVI9bXlWYWx1ZSIgZG9ja2VyIHB1bGwgc2lkd2FyL25vZGUtYnVsbGV0aW4tYXBwCiAgLSBzdWRvIGRvY2tlciBydW4gLWQgLXAgODA6ODAgLWUgU09NRV9WQVI9IlNPTUUgVkFMVUUiIHNpZHdhci9ub2RlLWJ1bGxldGluLWFwcCA=",
            "dedicated_host_id": "",
            "disable_password_authentication": false,
            "encryption_at_host_enabled": false,
            "eviction_policy": "",
            "extensions_time_budget": "PT1H30M",
            "id": "/subscriptions/fcd4d0d9-59c4-451c-9665-a0001f80e9e2/resourceGroups/AZRG-USE2-CON-NPDHASHEDINAZUREINTERNALPOC-NPD-002/providers/Microsoft.Compute/virtualMachines/hu19-siddharth-vm",
            "identity": [],
            "location": "eastus",
            "max_bid_price": -1,
            "name": "hu19-siddharth-vm",
            "network_interface_ids": [
              "/subscriptions/fcd4d0d9-59c4-451c-9665-a0001f80e9e2/resourceGroups/AZRG-USE2-CON-NPDHASHEDINAZUREINTERNALPOC-NPD-002/providers/Microsoft.Network/networkInterfaces/hu19-siddharth-nic"
            ],
            "os_disk": [
              {
                "caching": "ReadWrite",
                "diff_disk_settings": [],
                "disk_encryption_set_id": "",
                "disk_size_gb": 30,
                "name": "hu19-siddharth-vm_disk1_88bf67cd860945c1b45db9e27bd831aa",
                "storage_account_type": "Standard_LRS",
                "write_accelerator_enabled": false
              }
            ],
            "plan": [],
            "priority": "Regular",
            "private_ip_address": "10.1.8.4",
            "private_ip_addresses": [
              "10.1.8.4"
            ],
            "provision_vm_agent": true,
            "proximity_placement_group_id": "",
            "public_ip_address": "20.119.65.134",
            "public_ip_addresses": [
              "20.119.65.134"
            ],
            "resource_group_name": "AZRG-USE2-CON-NPDHASHEDINAZUREINTERNALPOC-NPD-002",
            "secret": [],
            "size": "Standard_B1s",
            "source_image_id": "",
            "source_image_reference": [
              {
                "offer": "UbuntuServer",
                "publisher": "Canonical",
                "sku": "18.04-LTS",
                "version": "latest"
              }
            ],
            "tags": {
              "BILLINGCODE": "LPX02939-01-01-01-0000",
              "COUNTRY": "US",
              "FUNCTION": "CON",
              "MEMBERFIRM": "US",
              "environment": "staging"
            },
            "timeouts": null,
            "virtual_machine_id": "2a3d490a-954d-49e1-b360-b2607b400bbc",
            "virtual_machine_scale_set_id": "",
            "zone": ""
          },
          "sensitive_attributes": [],
          "private": "eyJlMmJmYjczMC1lY2FhLTExZTYtOGY4OC0zNDM2M2JjN2M0YzAiOnsiY3JlYXRlIjoyNzAwMDAwMDAwMDAwLCJkZWxldGUiOjI3MDAwMDAwMDAwMDAsInJlYWQiOjMwMDAwMDAwMDAwMCwidXBkYXRlIjoyNzAwMDAwMDAwMDAwfX0=",
          "dependencies": [
            "azurerm_network_interface.cloudinit",
            "azurerm_public_ip.cloudinit",
            "azurerm_subnet.cloudinit",
            "data.azurerm_resource_group.cloudinit",
            "data.azurerm_virtual_network.cloudinit"
          ]
        }
      ]
    },
    {
      "mode": "managed",
      "type": "azurerm_network_interface",
      "name": "cloudinit",
      "provider": "provider[\"registry.terraform.io/hashicorp/azurerm\"]",
      "instances": [
        {
          "schema_version": 0,
          "attributes": {
            "applied_dns_servers": [],
            "dns_servers": [],
            "enable_accelerated_networking": false,
            "enable_ip_forwarding": false,
            "id": "/subscriptions/fcd4d0d9-59c4-451c-9665-a0001f80e9e2/resourceGroups/AZRG-USE2-CON-NPDHASHEDINAZUREINTERNALPOC-NPD-002/providers/Microsoft.Network/networkInterfaces/hu19-siddharth-nic",
            "internal_dns_name_label": "",
            "internal_domain_name_suffix": "vilknzajbj4ejos4roafvowduf.bx.internal.cloudapp.net",
            "ip_configuration": [
              {
                "name": "sid-nic-config",
                "primary": true,
                "private_ip_address": "10.1.8.4",
                "private_ip_address_allocation": "Dynamic",
                "private_ip_address_version": "IPv4",
                "public_ip_address_id": "/subscriptions/fcd4d0d9-59c4-451c-9665-a0001f80e9e2/resourceGroups/AZRG-USE2-CON-NPDHASHEDINAZUREINTERNALPOC-NPD-002/providers/Microsoft.Network/publicIPAddresses/hu19-siddharth-publicip",
                "subnet_id": "/subscriptions/fcd4d0d9-59c4-451c-9665-a0001f80e9e2/resourceGroups/AZRG-USE2-CON-NPDHASHEDINAZUREINTERNALPOC-NPD-002/providers/Microsoft.Network/virtualNetworks/hu19-tf-vnet/subnets/hu19-siddharth-subnet"
              }
            ],
            "location": "eastus",
            "mac_address": "",
            "name": "hu19-siddharth-nic",
            "private_ip_address": "10.1.8.4",
            "private_ip_addresses": [
              "10.1.8.4"
            ],
            "resource_group_name": "AZRG-USE2-CON-NPDHASHEDINAZUREINTERNALPOC-NPD-002",
            "tags": {
              "BILLINGCODE": "LPX02939-01-01-01-0000",
              "COUNTRY": "US",
              "FUNCTION": "CON",
              "MEMBERFIRM": "US"
            },
            "timeouts": null,
            "virtual_machine_id": ""
          },
          "sensitive_attributes": [],
          "private": "eyJlMmJmYjczMC1lY2FhLTExZTYtOGY4OC0zNDM2M2JjN2M0YzAiOnsiY3JlYXRlIjoxODAwMDAwMDAwMDAwLCJkZWxldGUiOjE4MDAwMDAwMDAwMDAsInJlYWQiOjMwMDAwMDAwMDAwMCwidXBkYXRlIjoxODAwMDAwMDAwMDAwfX0=",
          "dependencies": [
            "azurerm_public_ip.cloudinit",
            "azurerm_subnet.cloudinit",
            "data.azurerm_resource_group.cloudinit",
            "data.azurerm_virtual_network.cloudinit"
          ]
        }
      ]
    },
    {
      "mode": "managed",
      "type": "azurerm_network_interface_security_group_association",
      "name": "cloudinit",
      "provider": "provider[\"registry.terraform.io/hashicorp/azurerm\"]",
      "instances": [
        {
          "schema_version": 0,
          "attributes": {
            "id": "/subscriptions/fcd4d0d9-59c4-451c-9665-a0001f80e9e2/resourceGroups/AZRG-USE2-CON-NPDHASHEDINAZUREINTERNALPOC-NPD-002/providers/Microsoft.Network/networkInterfaces/hu19-siddharth-nic|/subscriptions/fcd4d0d9-59c4-451c-9665-a0001f80e9e2/resourceGroups/AZRG-USE2-CON-NPDHASHEDINAZUREINTERNALPOC-NPD-002/providers/Microsoft.Network/networkSecurityGroups/hu19-siddharth-nsg",
            "network_interface_id": "/subscriptions/fcd4d0d9-59c4-451c-9665-a0001f80e9e2/resourceGroups/AZRG-USE2-CON-NPDHASHEDINAZUREINTERNALPOC-NPD-002/providers/Microsoft.Network/networkInterfaces/hu19-siddharth-nic",
            "network_security_group_id": "/subscriptions/fcd4d0d9-59c4-451c-9665-a0001f80e9e2/resourceGroups/AZRG-USE2-CON-NPDHASHEDINAZUREINTERNALPOC-NPD-002/providers/Microsoft.Network/networkSecurityGroups/hu19-siddharth-nsg",
            "timeouts": null
          },
          "sensitive_attributes": [],
          "private": "eyJlMmJmYjczMC1lY2FhLTExZTYtOGY4OC0zNDM2M2JjN2M0YzAiOnsiY3JlYXRlIjoxODAwMDAwMDAwMDAwLCJkZWxldGUiOjE4MDAwMDAwMDAwMDAsInJlYWQiOjMwMDAwMDAwMDAwMCwidXBkYXRlIjoxODAwMDAwMDAwMDAwfX0=",
          "dependencies": [
            "azurerm_network_interface.cloudinit",
            "azurerm_network_security_group.cloudinit",
            "azurerm_public_ip.cloudinit",
            "azurerm_subnet.cloudinit",
            "data.azurerm_resource_group.cloudinit",
            "data.azurerm_virtual_network.cloudinit"
          ]
        }
      ]
    },
    {
      "mode": "managed",
      "type": "azurerm_network_security_group",
      "name": "cloudinit",
      "provider": "provider[\"registry.terraform.io/hashicorp/azurerm\"]",
      "instances": [
        {
          "schema_version": 0,
          "attributes": {
            "id": "/subscriptions/fcd4d0d9-59c4-451c-9665-a0001f80e9e2/resourceGroups/AZRG-USE2-CON-NPDHASHEDINAZUREINTERNALPOC-NPD-002/providers/Microsoft.Network/networkSecurityGroups/hu19-siddharth-nsg",
            "location": "eastus",
            "name": "hu19-siddharth-nsg",
            "resource_group_name": "AZRG-USE2-CON-NPDHASHEDINAZUREINTERNALPOC-NPD-002",
            "security_rule": [
              {
                "access": "Allow",
                "description": "",
                "destination_address_prefix": "*",
                "destination_address_prefixes": [],
                "destination_application_security_group_ids": [],
                "destination_port_range": "22",
                "destination_port_ranges": [],
                "direction": "Inbound",
                "name": "SSH",
                "priority": 1001,
                "protocol": "Tcp",
                "source_address_prefix": "*",
                "source_address_prefixes": [],
                "source_application_security_group_ids": [],
                "source_port_range": "*",
                "source_port_ranges": []
              }
            ],
            "tags": {
              "BILLINGCODE": "LPX02939-01-01-01-0000",
              "COUNTRY": "US",
              "FUNCTION": "CON",
              "MEMBERFIRM": "US"
            },
            "timeouts": null
          },
          "sensitive_attributes": [],
          "private": "eyJlMmJmYjczMC1lY2FhLTExZTYtOGY4OC0zNDM2M2JjN2M0YzAiOnsiY3JlYXRlIjoxODAwMDAwMDAwMDAwLCJkZWxldGUiOjE4MDAwMDAwMDAwMDAsInJlYWQiOjMwMDAwMDAwMDAwMCwidXBkYXRlIjoxODAwMDAwMDAwMDAwfX0=",
          "dependencies": [
            "data.azurerm_resource_group.cloudinit"
          ]
        }
      ]
    },
    {
      "mode": "managed",
      "type": "azurerm_public_ip",
      "name": "cloudinit",
      "provider": "provider[\"registry.terraform.io/hashicorp/azurerm\"]",
      "instances": [
        {
          "schema_version": 0,
          "attributes": {
            "allocation_method": "Dynamic",
            "domain_name_label": null,
            "fqdn": null,
            "id": "/subscriptions/fcd4d0d9-59c4-451c-9665-a0001f80e9e2/resourceGroups/AZRG-USE2-CON-NPDHASHEDINAZUREINTERNALPOC-NPD-002/providers/Microsoft.Network/publicIPAddresses/hu19-siddharth-publicip",
            "idle_timeout_in_minutes": 4,
            "ip_address": "",
            "ip_version": "IPv4",
            "location": "eastus",
            "name": "hu19-siddharth-publicip",
            "public_ip_prefix_id": null,
            "resource_group_name": "AZRG-USE2-CON-NPDHASHEDINAZUREINTERNALPOC-NPD-002",
            "reverse_fqdn": null,
            "sku": "Basic",
            "tags": {
              "BILLINGCODE": "LPX02939-01-01-01-0000",
              "COUNTRY": "US",
              "FUNCTION": "CON",
              "MEMBERFIRM": "US"
            },
            "timeouts": null,
            "zones": null
          },
          "sensitive_attributes": [],
          "private": "eyJlMmJmYjczMC1lY2FhLTExZTYtOGY4OC0zNDM2M2JjN2M0YzAiOnsiY3JlYXRlIjoxODAwMDAwMDAwMDAwLCJkZWxldGUiOjE4MDAwMDAwMDAwMDAsInJlYWQiOjMwMDAwMDAwMDAwMCwidXBkYXRlIjoxODAwMDAwMDAwMDAwfX0=",
          "dependencies": [
            "data.azurerm_resource_group.cloudinit"
          ]
        }
      ]
    },
    {
      "mode": "managed",
      "type": "azurerm_storage_account",
      "name": "cloudinit",
      "provider": "provider[\"registry.terraform.io/hashicorp/azurerm\"]",
      "instances": [
        {
          "schema_version": 2,
          "attributes": {
            "access_tier": "Hot",
            "account_kind": "StorageV2",
            "account_replication_type": "GRS",
            "account_tier": "Standard",
            "allow_blob_public_access": false,
            "blob_properties": [],
            "custom_domain": [],
            "enable_https_traffic_only": true,
            "id": "/subscriptions/fcd4d0d9-59c4-451c-9665-a0001f80e9e2/resourceGroups/AZRG-USE2-CON-NPDHASHEDINAZUREINTERNALPOC-NPD-002/providers/Microsoft.Storage/storageAccounts/hu19siddharthstg",
            "identity": [],
            "is_hns_enabled": false,
            "large_file_share_enabled": null,
            "location": "eastus",
            "min_tls_version": "TLS1_0",
            "name": "hu19siddharthstg",
            "network_rules": [
              {
                "bypass": [
                  "AzureServices"
                ],
                "default_action": "Allow",
                "ip_rules": [],
                "virtual_network_subnet_ids": []
              }
            ],
            "primary_access_key": "4kfD7jeyxtNIGcqfF8txEQa/yma8kk3pWTuXzx0uyJw2eCHWzbDAepEfinuXfyCR07PZIkoF4Yjw1/NjtecNdw==",
            "primary_blob_connection_string": "DefaultEndpointsProtocol=https;BlobEndpoint=https://hu19siddharthstg.blob.core.windows.net/;AccountName=hu19siddharthstg;AccountKey=4kfD7jeyxtNIGcqfF8txEQa/yma8kk3pWTuXzx0uyJw2eCHWzbDAepEfinuXfyCR07PZIkoF4Yjw1/NjtecNdw==",
            "primary_blob_endpoint": "https://hu19siddharthstg.blob.core.windows.net/",
            "primary_blob_host": "hu19siddharthstg.blob.core.windows.net",
            "primary_connection_string": "DefaultEndpointsProtocol=https;AccountName=hu19siddharthstg;AccountKey=4kfD7jeyxtNIGcqfF8txEQa/yma8kk3pWTuXzx0uyJw2eCHWzbDAepEfinuXfyCR07PZIkoF4Yjw1/NjtecNdw==;EndpointSuffix=core.windows.net",
            "primary_dfs_endpoint": "https://hu19siddharthstg.dfs.core.windows.net/",
            "primary_dfs_host": "hu19siddharthstg.dfs.core.windows.net",
            "primary_file_endpoint": "https://hu19siddharthstg.file.core.windows.net/",
            "primary_file_host": "hu19siddharthstg.file.core.windows.net",
            "primary_location": "eastus",
            "primary_queue_endpoint": "https://hu19siddharthstg.queue.core.windows.net/",
            "primary_queue_host": "hu19siddharthstg.queue.core.windows.net",
            "primary_table_endpoint": "https://hu19siddharthstg.table.core.windows.net/",
            "primary_table_host": "hu19siddharthstg.table.core.windows.net",
            "primary_web_endpoint": "https://hu19siddharthstg.z13.web.core.windows.net/",
            "primary_web_host": "hu19siddharthstg.z13.web.core.windows.net",
            "queue_properties": [
              {
                "cors_rule": [],
                "hour_metrics": [
                  {
                    "enabled": true,
                    "include_apis": true,
                    "retention_policy_days": 7,
                    "version": "1.0"
                  }
                ],
                "logging": [
                  {
                    "delete": false,
                    "read": false,
                    "retention_policy_days": 0,
                    "version": "1.0",
                    "write": false
                  }
                ],
                "minute_metrics": [
                  {
                    "enabled": false,
                    "include_apis": false,
                    "retention_policy_days": 0,
                    "version": "1.0"
                  }
                ]
              }
            ],
            "resource_group_name": "AZRG-USE2-CON-NPDHASHEDINAZUREINTERNALPOC-NPD-002",
            "secondary_access_key": "bYf3mCqjSxnJRsGXtSm4xeAtXkpLBlmrDBhgl5RcheOnCLK4gLqW2KQjk2cac+pXPQOb73bK2RUUvxGN94ykcA==",
            "secondary_blob_connection_string": "",
            "secondary_blob_endpoint": null,
            "secondary_blob_host": null,
            "secondary_connection_string": "DefaultEndpointsProtocol=https;AccountName=hu19siddharthstg;AccountKey=bYf3mCqjSxnJRsGXtSm4xeAtXkpLBlmrDBhgl5RcheOnCLK4gLqW2KQjk2cac+pXPQOb73bK2RUUvxGN94ykcA==;EndpointSuffix=core.windows.net",
            "secondary_dfs_endpoint": null,
            "secondary_dfs_host": null,
            "secondary_file_endpoint": null,
            "secondary_file_host": null,
            "secondary_location": "westus",
            "secondary_queue_endpoint": null,
            "secondary_queue_host": null,
            "secondary_table_endpoint": null,
            "secondary_table_host": null,
            "secondary_web_endpoint": null,
            "secondary_web_host": null,
            "static_website": [],
            "tags": {
              "BILLINGCODE": "LPX02939-01-01-01-0000",
              "COUNTRY": "US",
              "FUNCTION": "CON",
              "MEMBERFIRM": "US",
              "environment": "staging"
            },
            "timeouts": null
          },
          "sensitive_attributes": [],
          "private": "eyJlMmJmYjczMC1lY2FhLTExZTYtOGY4OC0zNDM2M2JjN2M0YzAiOnsiY3JlYXRlIjozNjAwMDAwMDAwMDAwLCJkZWxldGUiOjM2MDAwMDAwMDAwMDAsInJlYWQiOjMwMDAwMDAwMDAwMCwidXBkYXRlIjozNjAwMDAwMDAwMDAwfSwic2NoZW1hX3ZlcnNpb24iOiIyIn0=",
          "dependencies": [
            "data.azurerm_resource_group.cloudinit"
          ]
        }
      ]
    },
    {
      "mode": "managed",
      "type": "azurerm_storage_blob",
      "name": "example",
      "provider": "provider[\"registry.terraform.io/hashicorp/azurerm\"]",
      "instances": [
        {
          "schema_version": 1,
          "attributes": {
            "access_tier": "Hot",
            "content_md5": "",
            "content_type": "application/octet-stream",
            "id": "https://hu19siddharthstg.blob.core.windows.net/hu19siddharth/terraform.tfstate",
            "metadata": {},
            "name": "terraform.tfstate",
            "parallelism": 8,
            "size": 0,
            "source": "/Users/siddharthsharma2/Desktop/terraform scripts /terraform.tfstate",
            "source_content": null,
            "source_uri": null,
            "storage_account_name": "hu19siddharthstg",
            "storage_container_name": "hu19siddharth",
            "timeouts": null,
            "type": "Block",
            "url": "https://hu19siddharthstg.blob.core.windows.net/hu19siddharth/terraform.tfstate"
          },
          "sensitive_attributes": [],
          "private": "eyJlMmJmYjczMC1lY2FhLTExZTYtOGY4OC0zNDM2M2JjN2M0YzAiOnsiY3JlYXRlIjoxODAwMDAwMDAwMDAwLCJkZWxldGUiOjE4MDAwMDAwMDAwMDAsInJlYWQiOjMwMDAwMDAwMDAwMCwidXBkYXRlIjoxODAwMDAwMDAwMDAwfSwic2NoZW1hX3ZlcnNpb24iOiIxIn0=",
          "dependencies": [
            "azurerm_storage_account.cloudinit",
            "azurerm_storage_container.example",
            "data.azurerm_resource_group.cloudinit"
          ]
        }
      ]
    },
    {
      "mode": "managed",
      "type": "azurerm_storage_container",
      "name": "example",
      "provider": "provider[\"registry.terraform.io/hashicorp/azurerm\"]",
      "instances": [
        {
          "schema_version": 1,
          "attributes": {
            "container_access_type": "private",
            "has_immutability_policy": false,
            "has_legal_hold": false,
            "id": "https://hu19siddharthstg.blob.core.windows.net/hu19siddharth",
            "metadata": {},
            "name": "hu19siddharth",
            "resource_manager_id": "/subscriptions/fcd4d0d9-59c4-451c-9665-a0001f80e9e2/resourceGroups/AZRG-USE2-CON-NPDHASHEDINAZUREINTERNALPOC-NPD-002/providers/Microsoft.Storage/storageAccounts/hu19siddharthstg/blobServices/default/containers/hu19siddharth",
            "storage_account_name": "hu19siddharthstg",
            "timeouts": null
          },
          "sensitive_attributes": [],
          "private": "eyJlMmJmYjczMC1lY2FhLTExZTYtOGY4OC0zNDM2M2JjN2M0YzAiOnsiY3JlYXRlIjoxODAwMDAwMDAwMDAwLCJkZWxldGUiOjE4MDAwMDAwMDAwMDAsInJlYWQiOjMwMDAwMDAwMDAwMCwidXBkYXRlIjoxODAwMDAwMDAwMDAwfSwic2NoZW1hX3ZlcnNpb24iOiIxIn0=",
          "dependencies": [
            "azurerm_storage_account.cloudinit",
            "data.azurerm_resource_group.cloudinit"
          ]
        }
      ]
    },
    {
      "mode": "managed",
      "type": "azurerm_subnet",
      "name": "cloudinit",
      "provider": "provider[\"registry.terraform.io/hashicorp/azurerm\"]",
      "instances": [
        {
          "schema_version": 0,
          "attributes": {
            "address_prefix": "10.1.8.0/21",
            "address_prefixes": [
              "10.1.8.0/21"
            ],
            "delegation": [],
            "enforce_private_link_endpoint_network_policies": false,
            "enforce_private_link_service_network_policies": false,
            "id": "/subscriptions/fcd4d0d9-59c4-451c-9665-a0001f80e9e2/resourceGroups/AZRG-USE2-CON-NPDHASHEDINAZUREINTERNALPOC-NPD-002/providers/Microsoft.Network/virtualNetworks/hu19-tf-vnet/subnets/hu19-siddharth-subnet",
            "name": "hu19-siddharth-subnet",
            "resource_group_name": "AZRG-USE2-CON-NPDHASHEDINAZUREINTERNALPOC-NPD-002",
            "service_endpoint_policy_ids": null,
            "service_endpoints": null,
            "timeouts": null,
            "virtual_network_name": "hu19-tf-vnet"
          },
          "sensitive_attributes": [],
          "private": "eyJlMmJmYjczMC1lY2FhLTExZTYtOGY4OC0zNDM2M2JjN2M0YzAiOnsiY3JlYXRlIjoxODAwMDAwMDAwMDAwLCJkZWxldGUiOjE4MDAwMDAwMDAwMDAsInJlYWQiOjMwMDAwMDAwMDAwMCwidXBkYXRlIjoxODAwMDAwMDAwMDAwfX0=",
          "dependencies": [
            "data.azurerm_resource_group.cloudinit",
            "data.azurerm_virtual_network.cloudinit"
          ]
        }
      ]
    }
  ]
}
